// !$*UTF8*$!
{
	archiveVersion = 1;
	classes = {
	};
	objectVersion = 50;
	objects = {

/* Begin PBXBuildFile section */
		DD51CF3026A40CCB00446D95 /* PaletteViewController.m in Sources */ = {isa = PBXBuildFile; fileRef = DD51CF2F26A40CCB00446D95 /* PaletteViewController.m */; };
		DD51CF3426A40CD400446D95 /* TimerViewController.m in Sources */ = {isa = PBXBuildFile; fileRef = DD51CF3326A40CD400446D95 /* TimerViewController.m */; };
		DD51CF3D26A41A2000446D95 /* ColorPaletteView.m in Sources */ = {isa = PBXBuildFile; fileRef = DD51CF3C26A41A2000446D95 /* ColorPaletteView.m */; };
		DD56BE7A26A4A18C009726E2 /* UIButton+Highlighted.m in Sources */ = {isa = PBXBuildFile; fileRef = DD56BE7926A4A18C009726E2 /* UIButton+Highlighted.m */; };
		DD57CA3D26A35ADB00EDE883 /* AppDelegate.m in Sources */ = {isa = PBXBuildFile; fileRef = DD57CA3C26A35ADB00EDE883 /* AppDelegate.m */; };
		DD57CA4026A35ADB00EDE883 /* SceneDelegate.m in Sources */ = {isa = PBXBuildFile; fileRef = DD57CA3F26A35ADB00EDE883 /* SceneDelegate.m */; };
		DD57CA4626A35ADB00EDE883 /* Main.storyboard in Resources */ = {isa = PBXBuildFile; fileRef = DD57CA4426A35ADB00EDE883 /* Main.storyboard */; };
		DD57CA4826A35ADE00EDE883 /* Assets.xcassets in Resources */ = {isa = PBXBuildFile; fileRef = DD57CA4726A35ADE00EDE883 /* Assets.xcassets */; };
		DD57CA4B26A35ADE00EDE883 /* LaunchScreen.storyboard in Resources */ = {isa = PBXBuildFile; fileRef = DD57CA4926A35ADE00EDE883 /* LaunchScreen.storyboard */; };
		DD57CA4E26A35ADE00EDE883 /* main.m in Sources */ = {isa = PBXBuildFile; fileRef = DD57CA4D26A35ADE00EDE883 /* main.m */; };
		DD57CA5F26A35B4A00EDE883 /* UIColor+UIColorCategory.m in Sources */ = {isa = PBXBuildFile; fileRef = DD57CA5B26A35B4A00EDE883 /* UIColor+UIColorCategory.m */; };
		DD57CA6426A35B7E00EDE883 /* CustomButton.m in Sources */ = {isa = PBXBuildFile; fileRef = DD57CA6326A35B7E00EDE883 /* CustomButton.m */; };
		DD57CA6826A35B8E00EDE883 /* CanvasView.m in Sources */ = {isa = PBXBuildFile; fileRef = DD57CA6726A35B8E00EDE883 /* CanvasView.m */; };
		DD57CA6D26A35C0F00EDE883 /* MainScreenViewController.m in Sources */ = {isa = PBXBuildFile; fileRef = DD57CA6C26A35C0F00EDE883 /* MainScreenViewController.m */; };
		DD57CA7126A35C2000EDE883 /* DrawingsScreenViewController.m in Sources */ = {isa = PBXBuildFile; fileRef = DD57CA7026A35C2000EDE883 /* DrawingsScreenViewController.m */; };
		DD57CA7A26A35CA400EDE883 /* Montserrat-Medium.ttf in Resources */ = {isa = PBXBuildFile; fileRef = DD57CA7826A35CA400EDE883 /* Montserrat-Medium.ttf */; };
		DD57CA7B26A35CA400EDE883 /* Montserrat-Regular.ttf in Resources */ = {isa = PBXBuildFile; fileRef = DD57CA7926A35CA400EDE883 /* Montserrat-Regular.ttf */; };
/* End PBXBuildFile section */

/* Begin PBXFileReference section */
		DD51CF2E26A40CCB00446D95 /* PaletteViewController.h */ = {isa = PBXFileReference; lastKnownFileType = sourcecode.c.h; path = PaletteViewController.h; sourceTree = "<group>"; };
		DD51CF2F26A40CCB00446D95 /* PaletteViewController.m */ = {isa = PBXFileReference; lastKnownFileType = sourcecode.c.objc; path = PaletteViewController.m; sourceTree = "<group>"; };
		DD51CF3226A40CD400446D95 /* TimerViewController.h */ = {isa = PBXFileReference; lastKnownFileType = sourcecode.c.h; path = TimerViewController.h; sourceTree = "<group>"; };
		DD51CF3326A40CD400446D95 /* TimerViewController.m */ = {isa = PBXFileReference; lastKnownFileType = sourcecode.c.objc; path = TimerViewController.m; sourceTree = "<group>"; };
		DD51CF3B26A41A2000446D95 /* ColorPaletteView.h */ = {isa = PBXFileReference; lastKnownFileType = sourcecode.c.h; path = ColorPaletteView.h; sourceTree = "<group>"; };
		DD51CF3C26A41A2000446D95 /* ColorPaletteView.m */ = {isa = PBXFileReference; lastKnownFileType = sourcecode.c.objc; path = ColorPaletteView.m; sourceTree = "<group>"; };
		DD56BE7826A4A18C009726E2 /* UIButton+Highlighted.h */ = {isa = PBXFileReference; lastKnownFileType = sourcecode.c.h; path = "UIButton+Highlighted.h"; sourceTree = "<group>"; };
		DD56BE7926A4A18C009726E2 /* UIButton+Highlighted.m */ = {isa = PBXFileReference; lastKnownFileType = sourcecode.c.objc; path = "UIButton+Highlighted.m"; sourceTree = "<group>"; };
		DD57CA3826A35ADB00EDE883 /* rs.ios.stage-task8.app */ = {isa = PBXFileReference; explicitFileType = wrapper.application; includeInIndex = 0; path = "rs.ios.stage-task8.app"; sourceTree = BUILT_PRODUCTS_DIR; };
		DD57CA3B26A35ADB00EDE883 /* AppDelegate.h */ = {isa = PBXFileReference; lastKnownFileType = sourcecode.c.h; path = AppDelegate.h; sourceTree = "<group>"; };
		DD57CA3C26A35ADB00EDE883 /* AppDelegate.m */ = {isa = PBXFileReference; lastKnownFileType = sourcecode.c.objc; path = AppDelegate.m; sourceTree = "<group>"; };
		DD57CA3E26A35ADB00EDE883 /* SceneDelegate.h */ = {isa = PBXFileReference; lastKnownFileType = sourcecode.c.h; path = SceneDelegate.h; sourceTree = "<group>"; };
		DD57CA3F26A35ADB00EDE883 /* SceneDelegate.m */ = {isa = PBXFileReference; lastKnownFileType = sourcecode.c.objc; path = SceneDelegate.m; sourceTree = "<group>"; };
		DD57CA4526A35ADB00EDE883 /* Base */ = {isa = PBXFileReference; lastKnownFileType = file.storyboard; name = Base; path = Base.lproj/Main.storyboard; sourceTree = "<group>"; };
		DD57CA4726A35ADE00EDE883 /* Assets.xcassets */ = {isa = PBXFileReference; lastKnownFileType = folder.assetcatalog; path = Assets.xcassets; sourceTree = "<group>"; };
		DD57CA4A26A35ADE00EDE883 /* Base */ = {isa = PBXFileReference; lastKnownFileType = file.storyboard; name = Base; path = Base.lproj/LaunchScreen.storyboard; sourceTree = "<group>"; };
		DD57CA4C26A35ADE00EDE883 /* Info.plist */ = {isa = PBXFileReference; lastKnownFileType = text.plist.xml; path = Info.plist; sourceTree = "<group>"; };
		DD57CA4D26A35ADE00EDE883 /* main.m */ = {isa = PBXFileReference; lastKnownFileType = sourcecode.c.objc; path = main.m; sourceTree = "<group>"; };
		DD57CA5B26A35B4A00EDE883 /* UIColor+UIColorCategory.m */ = {isa = PBXFileReference; fileEncoding = 4; lastKnownFileType = sourcecode.c.objc; path = "UIColor+UIColorCategory.m"; sourceTree = "<group>"; };
		DD57CA5D26A35B4A00EDE883 /* UIColor+UIColorCategory.h */ = {isa = PBXFileReference; fileEncoding = 4; lastKnownFileType = sourcecode.c.h; path = "UIColor+UIColorCategory.h"; sourceTree = "<group>"; };
		DD57CA6226A35B7E00EDE883 /* CustomButton.h */ = {isa = PBXFileReference; lastKnownFileType = sourcecode.c.h; path = CustomButton.h; sourceTree = "<group>"; };
		DD57CA6326A35B7E00EDE883 /* CustomButton.m */ = {isa = PBXFileReference; lastKnownFileType = sourcecode.c.objc; path = CustomButton.m; sourceTree = "<group>"; };
		DD57CA6626A35B8E00EDE883 /* CanvasView.h */ = {isa = PBXFileReference; lastKnownFileType = sourcecode.c.h; path = CanvasView.h; sourceTree = "<group>"; };
		DD57CA6726A35B8E00EDE883 /* CanvasView.m */ = {isa = PBXFileReference; lastKnownFileType = sourcecode.c.objc; path = CanvasView.m; sourceTree = "<group>"; };
		DD57CA6B26A35C0F00EDE883 /* MainScreenViewController.h */ = {isa = PBXFileReference; lastKnownFileType = sourcecode.c.h; path = MainScreenViewController.h; sourceTree = "<group>"; };
		DD57CA6C26A35C0F00EDE883 /* MainScreenViewController.m */ = {isa = PBXFileReference; lastKnownFileType = sourcecode.c.objc; path = MainScreenViewController.m; sourceTree = "<group>"; };
		DD57CA6F26A35C2000EDE883 /* DrawingsScreenViewController.h */ = {isa = PBXFileReference; lastKnownFileType = sourcecode.c.h; path = DrawingsScreenViewController.h; sourceTree = "<group>"; };
		DD57CA7026A35C2000EDE883 /* DrawingsScreenViewController.m */ = {isa = PBXFileReference; lastKnownFileType = sourcecode.c.objc; path = DrawingsScreenViewController.m; sourceTree = "<group>"; };
		DD57CA7826A35CA400EDE883 /* Montserrat-Medium.ttf */ = {isa = PBXFileReference; lastKnownFileType = file; path = "Montserrat-Medium.ttf"; sourceTree = "<group>"; };
		DD57CA7926A35CA400EDE883 /* Montserrat-Regular.ttf */ = {isa = PBXFileReference; lastKnownFileType = file; path = "Montserrat-Regular.ttf"; sourceTree = "<group>"; };
/* End PBXFileReference section */

/* Begin PBXFrameworksBuildPhase section */
		DD57CA3526A35ADB00EDE883 /* Frameworks */ = {
			isa = PBXFrameworksBuildPhase;
			buildActionMask = 2147483647;
			files = (
			);
			runOnlyForDeploymentPostprocessing = 0;
		};
/* End PBXFrameworksBuildPhase section */

/* Begin PBXGroup section */
		DD51CF2D26A40CAA00446D95 /* ChildViewControllers */ = {
			isa = PBXGroup;
			children = (
				DD51CF2E26A40CCB00446D95 /* PaletteViewController.h */,
				DD51CF2F26A40CCB00446D95 /* PaletteViewController.m */,
				DD51CF3226A40CD400446D95 /* TimerViewController.h */,
				DD51CF3326A40CD400446D95 /* TimerViewController.m */,
			);
			path = ChildViewControllers;
			sourceTree = "<group>";
		};
		DD57CA2F26A35ADB00EDE883 = {
			isa = PBXGroup;
			children = (
				DD57CA3A26A35ADB00EDE883 /* rs.ios.stage-task8 */,
				DD57CA3926A35ADB00EDE883 /* Products */,
			);
			sourceTree = "<group>";
		};
		DD57CA3926A35ADB00EDE883 /* Products */ = {
			isa = PBXGroup;
			children = (
				DD57CA3826A35ADB00EDE883 /* rs.ios.stage-task8.app */,
			);
			name = Products;
			sourceTree = "<group>";
		};
		DD57CA3A26A35ADB00EDE883 /* rs.ios.stage-task8 */ = {
			isa = PBXGroup;
			children = (
				DD57CA5A26A35B2900EDE883 /* SupportFiles */,
				DD57CA5926A35B0C00EDE883 /* CustomViews */,
				DD57CA5826A35AFE00EDE883 /* ViewControllers */,
				DD57CA4426A35ADB00EDE883 /* Main.storyboard */,
				DD57CA4726A35ADE00EDE883 /* Assets.xcassets */,
				DD57CA4926A35ADE00EDE883 /* LaunchScreen.storyboard */,
				DD57CA4C26A35ADE00EDE883 /* Info.plist */,
				DD57CA4D26A35ADE00EDE883 /* main.m */,
				DD57CA7726A35C9300EDE883 /* Fonts */,
				DD57CA5526A35AEC00EDE883 /* OtherFiles */,
			);
			path = "rs.ios.stage-task8";
			sourceTree = "<group>";
		};
		DD57CA5526A35AEC00EDE883 /* OtherFiles */ = {
			isa = PBXGroup;
			children = (
				DD57CA3B26A35ADB00EDE883 /* AppDelegate.h */,
				DD57CA3C26A35ADB00EDE883 /* AppDelegate.m */,
				DD57CA3E26A35ADB00EDE883 /* SceneDelegate.h */,
				DD57CA3F26A35ADB00EDE883 /* SceneDelegate.m */,
			);
			path = OtherFiles;
			sourceTree = "<group>";
		};
		DD57CA5826A35AFE00EDE883 /* ViewControllers */ = {
			isa = PBXGroup;
			children = (
				DD51CF2D26A40CAA00446D95 /* ChildViewControllers */,
				DD57CA6B26A35C0F00EDE883 /* MainScreenViewController.h */,
				DD57CA6C26A35C0F00EDE883 /* MainScreenViewController.m */,
				DD57CA6F26A35C2000EDE883 /* DrawingsScreenViewController.h */,
				DD57CA7026A35C2000EDE883 /* DrawingsScreenViewController.m */,
			);
			path = ViewControllers;
			sourceTree = "<group>";
		};
		DD57CA5926A35B0C00EDE883 /* CustomViews */ = {
			isa = PBXGroup;
			children = (
				DD57CA6226A35B7E00EDE883 /* CustomButton.h */,
				DD57CA6326A35B7E00EDE883 /* CustomButton.m */,
				DD57CA6626A35B8E00EDE883 /* CanvasView.h */,
				DD57CA6726A35B8E00EDE883 /* CanvasView.m */,
				DD51CF3B26A41A2000446D95 /* ColorPaletteView.h */,
				DD51CF3C26A41A2000446D95 /* ColorPaletteView.m */,
			);
			path = CustomViews;
			sourceTree = "<group>";
		};
		DD57CA5A26A35B2900EDE883 /* SupportFiles */ = {
			isa = PBXGroup;
			children = (
				DD57CA5D26A35B4A00EDE883 /* UIColor+UIColorCategory.h */,
				DD57CA5B26A35B4A00EDE883 /* UIColor+UIColorCategory.m */,
				DD56BE7826A4A18C009726E2 /* UIButton+Highlighted.h */,
				DD56BE7926A4A18C009726E2 /* UIButton+Highlighted.m */,
			);
			path = SupportFiles;
			sourceTree = "<group>";
		};
		DD57CA7726A35C9300EDE883 /* Fonts */ = {
			isa = PBXGroup;
			children = (
				DD57CA7826A35CA400EDE883 /* Montserrat-Medium.ttf */,
				DD57CA7926A35CA400EDE883 /* Montserrat-Regular.ttf */,
			);
			path = Fonts;
			sourceTree = "<group>";
		};
/* End PBXGroup section */

/* Begin PBXNativeTarget section */
		DD57CA3726A35ADB00EDE883 /* rs.ios.stage-task8 */ = {
			isa = PBXNativeTarget;
			buildConfigurationList = DD57CA5126A35ADE00EDE883 /* Build configuration list for PBXNativeTarget "rs.ios.stage-task8" */;
			buildPhases = (
				DD57CA3426A35ADB00EDE883 /* Sources */,
				DD57CA3526A35ADB00EDE883 /* Frameworks */,
				DD57CA3626A35ADB00EDE883 /* Resources */,
			);
			buildRules = (
			);
			dependencies = (
			);
			name = "rs.ios.stage-task8";
			productName = "rs.ios.stage-task8";
			productReference = DD57CA3826A35ADB00EDE883 /* rs.ios.stage-task8.app */;
			productType = "com.apple.product-type.application";
		};
/* End PBXNativeTarget section */

/* Begin PBXProject section */
		DD57CA3026A35ADB00EDE883 /* Project object */ = {
			isa = PBXProject;
			attributes = {
				LastUpgradeCheck = 1240;
				TargetAttributes = {
					DD57CA3726A35ADB00EDE883 = {
						CreatedOnToolsVersion = 12.4;
					};
				};
			};
			buildConfigurationList = DD57CA3326A35ADB00EDE883 /* Build configuration list for PBXProject "rs.ios.stage-task8" */;
			compatibilityVersion = "Xcode 9.3";
			developmentRegion = en;
			hasScannedForEncodings = 0;
			knownRegions = (
				en,
				Base,
			);
			mainGroup = DD57CA2F26A35ADB00EDE883;
			productRefGroup = DD57CA3926A35ADB00EDE883 /* Products */;
			projectDirPath = "";
			projectRoot = "";
			targets = (
				DD57CA3726A35ADB00EDE883 /* rs.ios.stage-task8 */,
			);
		};
/* End PBXProject section */

/* Begin PBXResourcesBuildPhase section */
		DD57CA3626A35ADB00EDE883 /* Resources */ = {
			isa = PBXResourcesBuildPhase;
			buildActionMask = 2147483647;
			files = (
				DD57CA4B26A35ADE00EDE883 /* LaunchScreen.storyboard in Resources */,
				DD57CA4826A35ADE00EDE883 /* Assets.xcassets in Resources */,
				DD57CA7A26A35CA400EDE883 /* Montserrat-Medium.ttf in Resources */,
				DD57CA7B26A35CA400EDE883 /* Montserrat-Regular.ttf in Resources */,
				DD57CA4626A35ADB00EDE883 /* Main.storyboard in Resources */,
			);
			runOnlyForDeploymentPostprocessing = 0;
		};
/* End PBXResourcesBuildPhase section */

/* Begin PBXSourcesBuildPhase section */
		DD57CA3426A35ADB00EDE883 /* Sources */ = {
			isa = PBXSourcesBuildPhase;
			buildActionMask = 2147483647;
			files = (
				DD57CA3D26A35ADB00EDE883 /* AppDelegate.m in Sources */,
				DD57CA6D26A35C0F00EDE883 /* MainScreenViewController.m in Sources */,
				DD51CF3426A40CD400446D95 /* TimerViewController.m in Sources */,
				DD57CA4E26A35ADE00EDE883 /* main.m in Sources */,
				DD51CF3026A40CCB00446D95 /* PaletteViewController.m in Sources */,
				DD57CA6426A35B7E00EDE883 /* CustomButton.m in Sources */,
				DD57CA4026A35ADB00EDE883 /* SceneDelegate.m in Sources */,
				DD56BE7A26A4A18C009726E2 /* UIButton+Highlighted.m in Sources */,
				DD51CF3D26A41A2000446D95 /* ColorPaletteView.m in Sources */,
				DD57CA7126A35C2000EDE883 /* DrawingsScreenViewController.m in Sources */,
				DD57CA6826A35B8E00EDE883 /* CanvasView.m in Sources */,
				DD57CA5F26A35B4A00EDE883 /* UIColor+UIColorCategory.m in Sources */,
			);
			runOnlyForDeploymentPostprocessing = 0;
		};
/* End PBXSourcesBuildPhase section */

/* Begin PBXVariantGroup section */
		DD57CA4426A35ADB00EDE883 /* Main.storyboard */ = {
			isa = PBXVariantGroup;
			children = (
				DD57CA4526A35ADB00EDE883 /* Base */,
			);
			name = Main.storyboard;
			sourceTree = "<group>";
		};
		DD57CA4926A35ADE00EDE883 /* LaunchScreen.storyboard */ = {
			isa = PBXVariantGroup;
			children = (
				DD57CA4A26A35ADE00EDE883 /* Base */,
			);
			name = LaunchScreen.storyboard;
			sourceTree = "<group>";
		};
/* End PBXVariantGroup section */

/* Begin XCBuildConfiguration section */
		DD57CA4F26A35ADE00EDE883 /* Debug */ = {
			isa = XCBuildConfiguration;
			buildSettings = {
				ALWAYS_SEARCH_USER_PATHS = NO;
				CLANG_ANALYZER_NONNULL = YES;
				CLANG_ANALYZER_NUMBER_OBJECT_CONVERSION = YES_AGGRESSIVE;
				CLANG_CXX_LANGUAGE_STANDARD = "gnu++14";
				CLANG_CXX_LIBRARY = "libc++";
				CLANG_ENABLE_MODULES = YES;
				CLANG_ENABLE_OBJC_ARC = YES;
				CLANG_ENABLE_OBJC_WEAK = YES;
				CLANG_WARN_BLOCK_CAPTURE_AUTORELEASING = YES;
				CLANG_WARN_BOOL_CONVERSION = YES;
				CLANG_WARN_COMMA = YES;
				CLANG_WARN_CONSTANT_CONVERSION = YES;
				CLANG_WARN_DEPRECATED_OBJC_IMPLEMENTATIONS = YES;
				CLANG_WARN_DIRECT_OBJC_ISA_USAGE = YES_ERROR;
				CLANG_WARN_DOCUMENTATION_COMMENTS = YES;
				CLANG_WARN_EMPTY_BODY = YES;
				CLANG_WARN_ENUM_CONVERSION = YES;
				CLANG_WARN_INFINITE_RECURSION = YES;
				CLANG_WARN_INT_CONVERSION = YES;
				CLANG_WARN_NON_LITERAL_NULL_CONVERSION = YES;
				CLANG_WARN_OBJC_IMPLICIT_RETAIN_SELF = YES;
				CLANG_WARN_OBJC_LITERAL_CONVERSION = YES;
				CLANG_WARN_OBJC_ROOT_CLASS = YES_ERROR;
				CLANG_WARN_QUOTED_INCLUDE_IN_FRAMEWORK_HEADER = YES;
				CLANG_WARN_RANGE_LOOP_ANALYSIS = YES;
				CLANG_WARN_STRICT_PROTOTYPES = YES;
				CLANG_WARN_SUSPICIOUS_MOVE = YES;
				CLANG_WARN_UNGUARDED_AVAILABILITY = YES_AGGRESSIVE;
				CLANG_WARN_UNREACHABLE_CODE = YES;
				CLANG_WARN__DUPLICATE_METHOD_MATCH = YES;
				COPY_PHASE_STRIP = NO;
				DEBUG_INFORMATION_FORMAT = dwarf;
				ENABLE_STRICT_OBJC_MSGSEND = YES;
				ENABLE_TESTABILITY = YES;
				GCC_C_LANGUAGE_STANDARD = gnu11;
				GCC_DYNAMIC_NO_PIC = NO;
				GCC_NO_COMMON_BLOCKS = YES;
				GCC_OPTIMIZATION_LEVEL = 0;
				GCC_PREPROCESSOR_DEFINITIONS = (
					"DEBUG=1",
					"$(inherited)",
				);
				GCC_WARN_64_TO_32_BIT_CONVERSION = YES;
				GCC_WARN_ABOUT_RETURN_TYPE = YES_ERROR;
				GCC_WARN_UNDECLARED_SELECTOR = YES;
				GCC_WARN_UNINITIALIZED_AUTOS = YES_AGGRESSIVE;
				GCC_WARN_UNUSED_FUNCTION = YES;
				GCC_WARN_UNUSED_VARIABLE = YES;
				IPHONEOS_DEPLOYMENT_TARGET = 14.4;
				MTL_ENABLE_DEBUG_INFO = INCLUDE_SOURCE;
				MTL_FAST_MATH = YES;
				ONLY_ACTIVE_ARCH = YES;
				SDKROOT = iphoneos;
			};
			name = Debug;
		};
		DD57CA5026A35ADE00EDE883 /* Release */ = {
			isa = XCBuildConfiguration;
			buildSettings = {
				ALWAYS_SEARCH_USER_PATHS = NO;
				CLANG_ANALYZER_NONNULL = YES;
				CLANG_ANALYZER_NUMBER_OBJECT_CONVERSION = YES_AGGRESSIVE;
				CLANG_CXX_LANGUAGE_STANDARD = "gnu++14";
				CLANG_CXX_LIBRARY = "libc++";
				CLANG_ENABLE_MODULES = YES;
				CLANG_ENABLE_OBJC_ARC = YES;
				CLANG_ENABLE_OBJC_WEAK = YES;
				CLANG_WARN_BLOCK_CAPTURE_AUTORELEASING = YES;
				CLANG_WARN_BOOL_CONVERSION = YES;
				CLANG_WARN_COMMA = YES;
				CLANG_WARN_CONSTANT_CONVERSION = YES;
				CLANG_WARN_DEPRECATED_OBJC_IMPLEMENTATIONS = YES;
				CLANG_WARN_DIRECT_OBJC_ISA_USAGE = YES_ERROR;
				CLANG_WARN_DOCUMENTATION_COMMENTS = YES;
				CLANG_WARN_EMPTY_BODY = YES;
				CLANG_WARN_ENUM_CONVERSION = YES;
				CLANG_WARN_INFINITE_RECURSION = YES;
				CLANG_WARN_INT_CONVERSION = YES;
				CLANG_WARN_NON_LITERAL_NULL_CONVERSION = YES;
				CLANG_WARN_OBJC_IMPLICIT_RETAIN_SELF = YES;
				CLANG_WARN_OBJC_LITERAL_CONVERSION = YES;
				CLANG_WARN_OBJC_ROOT_CLASS = YES_ERROR;
				CLANG_WARN_QUOTED_INCLUDE_IN_FRAMEWORK_HEADER = YES;
				CLANG_WARN_RANGE_LOOP_ANALYSIS = YES;
				CLANG_WARN_STRICT_PROTOTYPES = YES;
				CLANG_WARN_SUSPICIOUS_MOVE = YES;
				CLANG_WARN_UNGUARDED_AVAILABILITY = YES_AGGRESSIVE;
				CLANG_WARN_UNREACHABLE_CODE = YES;
				CLANG_WARN__DUPLICATE_METHOD_MATCH = YES;
				COPY_PHASE_STRIP = NO;
				DEBUG_INFORMATION_FORMAT = "dwarf-with-dsym";
				ENABLE_NS_ASSERTIONS = NO;
				ENABLE_STRICT_OBJC_MSGSEND = YES;
				GCC_C_LANGUAGE_STANDARD = gnu11;
				GCC_NO_COMMON_BLOCKS = YES;
				GCC_WARN_64_TO_32_BIT_CONVERSION = YES;
				GCC_WARN_ABOUT_RETURN_TYPE = YES_ERROR;
				GCC_WARN_UNDECLARED_SELECTOR = YES;
				GCC_WARN_UNINITIALIZED_AUTOS = YES_AGGRESSIVE;
				GCC_WARN_UNUSED_FUNCTION = YES;
				GCC_WARN_UNUSED_VARIABLE = YES;
				IPHONEOS_DEPLOYMENT_TARGET = 14.4;
				MTL_ENABLE_DEBUG_INFO = NO;
				MTL_FAST_MATH = YES;
				SDKROOT = iphoneos;
				VALIDATE_PRODUCT = YES;
			};
			name = Release;
		};
		DD57CA5226A35ADE00EDE883 /* Debug */ = {
			isa = XCBuildConfiguration;
			buildSettings = {
				ASSETCATALOG_COMPILER_APPICON_NAME = AppIcon;
				ASSETCATALOG_COMPILER_GLOBAL_ACCENT_COLOR_NAME = AccentColor;
				CODE_SIGN_STYLE = Automatic;
				DEVELOPMENT_TEAM = ZGCXWM78C4;
				INFOPLIST_FILE = "rs.ios.stage-task8/Info.plist";
				IPHONEOS_DEPLOYMENT_TARGET = 12.1;
				LD_RUNPATH_SEARCH_PATHS = (
					"$(inherited)",
					"@executable_path/Frameworks",
				);
				PRODUCT_BUNDLE_IDENTIFIER = "com.rollingscopesschoolstudent.rs-ios-stage-task8";
				PRODUCT_NAME = "$(TARGET_NAME)";
				TARGETED_DEVICE_FAMILY = "1,2";
			};
			name = Debug;
		};
		DD57CA5326A35ADE00EDE883 /* Release */ = {
			isa = XCBuildConfiguration;
			buildSettings = {
				ASSETCATALOG_COMPILER_APPICON_NAME = AppIcon;
				ASSETCATALOG_COMPILER_GLOBAL_ACCENT_COLOR_NAME = AccentColor;
				CODE_SIGN_STYLE = Automatic;
				DEVELOPMENT_TEAM = ZGCXWM78C4;
				INFOPLIST_FILE = "rs.ios.stage-task8/Info.plist";
				IPHONEOS_DEPLOYMENT_TARGET = 12.1;
				LD_RUNPATH_SEARCH_PATHS = (
					"$(inherited)",
					"@executable_path/Frameworks",
				);
				PRODUCT_BUNDLE_IDENTIFIER = "com.rollingscopesschoolstudent.rs-ios-stage-task8";
				PRODUCT_NAME = "$(TARGET_NAME)";
				TARGETED_DEVICE_FAMILY = "1,2";
			};
			name = Release;
		};
/* End XCBuildConfiguration section */

/* Begin XCConfigurationList section */
		DD57CA3326A35ADB00EDE883 /* Build configuration list for PBXProject "rs.ios.stage-task8" */ = {
			isa = XCConfigurationList;
			buildConfigurations = (
				DD57CA4F26A35ADE00EDE883 /* Debug */,
				DD57CA5026A35ADE00EDE883 /* Release */,
			);
			defaultConfigurationIsVisible = 0;
			defaultConfigurationName = Release;
		};
		DD57CA5126A35ADE00EDE883 /* Build configuration list for PBXNativeTarget "rs.ios.stage-task8" */ = {
			isa = XCConfigurationList;
			buildConfigurations = (
				DD57CA5226A35ADE00EDE883 /* Debug */,
				DD57CA5326A35ADE00EDE883 /* Release */,
			);
			defaultConfigurationIsVisible = 0;
			defaultConfigurationName = Release;
		};
/* End XCConfigurationList section */
	};
	rootObject = DD57CA3026A35ADB00EDE883 /* Project object */;
}
